
Microsoft Visual Studio Solution File, Format Version 12.00
# Visual Studio 15
VisualStudioVersion = 15.0.28307.705
MinimumVisualStudioVersion = 10.0.40219.1
Project("{FAE04EC0-301F-11D3-BF4B-00C04F79EFBC}") = "Ultima5Redux", "Ultima5Redux\Ultima5Redux.csproj", "{A5A9C3B1-C948-4DCE-886F-A6331A68B4BC}"
EndProject
Global
	GlobalSection(SolutionConfigurationPlatforms) = preSolution
		Debug|Any CPU = Debug|Any CPU
		Release|Any CPU = Release|Any CPU
	EndGlobalSection
	GlobalSection(ProjectConfigurationPlatforms) = postSolution
		{A5A9C3B1-C948-4DCE-886F-A6331A68B4BC}.Debug|Any CPU.ActiveCfg = Debug|Any CPU
		{A5A9C3B1-C948-4DCE-886F-A6331A68B4BC}.Debug|Any CPU.Build.0 = Debug|Any CPU
		{A5A9C3B1-C948-4DCE-886F-A6331A68B4BC}.Release|Any CPU.ActiveCfg = Release|Any CPU
		{A5A9C3B1-C948-4DCE-886F-A6331A68B4BC}.Release|Any CPU.Build.0 = Release|Any CPU
	EndGlobalSection
	GlobalSection(SolutionProperties) = preSolution
		HideSolutionNode = FALSE
	EndGlobalSection
	GlobalSection(ExtensibilityGlobals) = postSolution
		SolutionGuid = {A155FEA9-96F2-4C8A-8985-D05C0D3649AB}
	EndGlobalSection
EndGlobal
